
Microsoft Visual Studio Solution File, Format Version 12.00
# Visual Studio Version 17
VisualStudioVersion = 17.3.32929.385
MinimumVisualStudioVersion = 10.0.40219.1
Project("{FAE04EC0-301F-11D3-BF4B-00C04F79EFBC}") = "Matriz2", "Matriz2\Matriz2.csproj", "{D26486E1-6536-4DC1-A4DE-FAFA11E8F276}"
EndProject
Global
	GlobalSection(SolutionConfigurationPlatforms) = preSolution
		Debug|Any CPU = Debug|Any CPU
		Release|Any CPU = Release|Any CPU
	EndGlobalSection
	GlobalSection(ProjectConfigurationPlatforms) = postSolution
		{D26486E1-6536-4DC1-A4DE-FAFA11E8F276}.Debug|Any CPU.ActiveCfg = Debug|Any CPU
		{D26486E1-6536-4DC1-A4DE-FAFA11E8F276}.Debug|Any CPU.Build.0 = Debug|Any CPU
		{D26486E1-6536-4DC1-A4DE-FAFA11E8F276}.Release|Any CPU.ActiveCfg = Release|Any CPU
		{D26486E1-6536-4DC1-A4DE-FAFA11E8F276}.Release|Any CPU.Build.0 = Release|Any CPU
	EndGlobalSection
	GlobalSection(SolutionProperties) = preSolution
		HideSolutionNode = FALSE
	EndGlobalSection
	GlobalSection(ExtensibilityGlobals) = postSolution
		SolutionGuid = {89118E6E-23AD-4F35-92EC-F06998236832}
	EndGlobalSection
EndGlobal
